<?xml version="1.0" encoding="utf-8"?>
<Project ToolsVersion="4.0" xmlns="http://schemas.microsoft.com/developer/msbuild/2003">
  <ItemGroup>
    <Filter Include="소스 파일">
      <UniqueIdentifier>{4FC737F1-C7A5-4376-A066-2A32D752A2FF}</UniqueIdentifier>
      <Extensions>cpp;c;cc;cxx;c++;cppm;ixx;def;odl;idl;hpj;bat;asm;asmx</Extensions>
    </Filter>
    <Filter Include="헤더 파일">
      <UniqueIdentifier>{93995380-89BD-4b04-88EB-625FBE52EBFB}</UniqueIdentifier>
      <Extensions>h;hh;hpp;hxx;h++;hm;inl;inc;ipp;xsd</Extensions>
    </Filter>
    <Filter Include="리소스 파일">
      <UniqueIdentifier>{67DA6AB6-F800-4c08-8B7A-83BB121AAD01}</UniqueIdentifier>
      <Extensions>rc;ico;cur;bmp;dlg;rc2;rct;bin;rgs;gif;jpg;jpeg;jpe;resx;tiff;tif;png;wav;mfcribbon-ms</Extensions>
    </Filter>
  </ItemGroup>
  <ItemGroup>
    <ClCompile Include="20p Q1 4개최대.c">
      <Filter>소스 파일</Filter>
    </ClCompile>
    <ClCompile Include="22p 실습1.c">
      <Filter>소스 파일</Filter>
    </ClCompile>
    <ClCompile Include="33p Q8, Q9.cpp">
      <Filter>소스 파일</Filter>
    </ClCompile>
    <ClCompile Include="42p 응용 피라미드.cpp">
      <Filter>소스 파일</Filter>
    </ClCompile>
    <ClCompile Include="75p 진수 변환기.cpp">
      <Filter>소스 파일</Filter>
    </ClCompile>
    <ClCompile Include="78p Q5역순정렬.cpp">
      <Filter>소스 파일</Filter>
    </ClCompile>
    <ClCompile Include="80p 소수.cpp">
      <Filter>소스 파일</Filter>
    </ClCompile>
    <ClCompile Include="105 선형 검색.cpp">
      <Filter>소스 파일</Filter>
    </ClCompile>
    <ClCompile Include="123 이중 검색.cpp">
      <Filter>소스 파일</Filter>
    </ClCompile>
    <ClCompile Include="test.cpp">
      <Filter>소스 파일</Filter>
    </ClCompile>
    <ClCompile Include="136 bsearch 구현.cpp">
      <Filter>소스 파일</Filter>
    </ClCompile>
    <ClCompile Include="148 스택 구현.cpp">
      <Filter>소스 파일</Filter>
    </ClCompile>
    <ClCompile Include="stack.cpp">
      <Filter>소스 파일</Filter>
    </ClCompile>
    <ClCompile Include="151 큐.cpp">
      <Filter>소스 파일</Filter>
    </ClCompile>
    <ClCompile Include="queue.cpp">
      <Filter>소스 파일</Filter>
    </ClCompile>
    <ClCompile Include="재귀함수.cpp">
      <Filter>소스 파일</Filter>
    </ClCompile>
    <ClCompile Include="스택과 큐 계산기.cpp">
      <Filter>소스 파일</Filter>
    </ClCompile>
    <ClCompile Include="하노이의 탑.cpp">
      <Filter>소스 파일</Filter>
    </ClCompile>
    <ClCompile Include="체스 퀸8개.cpp">
      <Filter>소스 파일</Filter>
    </ClCompile>
    <ClCompile Include="StopWatch.cpp">
      <Filter>소스 파일</Filter>
    </ClCompile>
    <ClCompile Include="asdftest.cpp">
      <Filter>소스 파일</Filter>
    </ClCompile>
    <ClCompile Include="219 버블 정렬.cpp">
      <Filter>소스 파일</Filter>
    </ClCompile>
    <ClCompile Include="가로등.cpp">
      <Filter>소스 파일</Filter>
    </ClCompile>
    <ClCompile Include="226p q7 단순선택정렬.cpp">
      <Filter>소스 파일</Filter>
    </ClCompile>
    <ClCompile Include="삼각형.cpp">
      <Filter>소스 파일</Filter>
    </ClCompile>
    <ClCompile Include="222p 단순삽입정렬.cpp">
      <Filter>소스 파일</Filter>
    </ClCompile>
    <ClCompile Include="셀 정렬.cpp">
      <Filter>소스 파일</Filter>
    </ClCompile>
    <ClCompile Include="퀵 소트.cpp">
      <Filter>소스 파일</Filter>
    </ClCompile>
    <ClCompile Include="병합 정렬.cpp">
      <Filter>소스 파일</Filter>
    </ClCompile>
    <ClCompile Include="힙 정렬.cpp">
      <Filter>소스 파일</Filter>
    </ClCompile>
    <ClCompile Include="sns서비스.cpp">
      <Filter>소스 파일</Filter>
    </ClCompile>
    <ClCompile Include="도수 정렬.cpp">
      <Filter>소스 파일</Filter>
    </ClCompile>
    <ClCompile Include="브루트포스.cpp">
      <Filter>소스 파일</Filter>
    </ClCompile>
  </ItemGroup>
  <ItemGroup>
    <ClInclude Include="stack.h">
      <Filter>헤더 파일</Filter>
    </ClInclude>
    <ClInclude Include="queue.h">
      <Filter>헤더 파일</Filter>
    </ClInclude>
    <ClInclude Include="StopWatch.h">
      <Filter>헤더 파일</Filter>
    </ClInclude>
    <ClInclude Include="bubble_sort.h">
      <Filter>헤더 파일</Filter>
    </ClInclude>
  </ItemGroup>
</Project>